
Microsoft Visual Studio Solution File, Format Version 12.00
# Visual Studio Version 17
VisualStudioVersion = 17.9.34728.123
MinimumVisualStudioVersion = 10.0.40219.1
Project("{9A19103F-16F7-4668-BE54-9A1E7A4F7556}") = "E-Learning-Course.Data", "E-Learning-Course.Data\E-Learning-Course.Data.csproj", "{DC172D6F-E1BE-445F-822E-60E86EF1F779}"
EndProject
Project("{9A19103F-16F7-4668-BE54-9A1E7A4F7556}") = "E-Learning-Course.Utilities", "E-Learning-Course.Utilities\E-Learning-Course.Utilities.csproj", "{B2FAA8F9-93E7-4D38-ABCB-06F4661F8F79}"
EndProject
Project("{9A19103F-16F7-4668-BE54-9A1E7A4F7556}") = "E-Learning-Course.WebApp", "E-Learning-Course.WebApp\E-Learning-Course.WebApp.csproj", "{AC98590D-2AFD-4D8D-A8F9-C966C74B78D1}"
EndProject
Project("{9A19103F-16F7-4668-BE54-9A1E7A4F7556}") = "E-Learning-Course.Service", "E-Learning-Course.Service\E-Learning-Course.Service.csproj", "{CFC6AF96-35F5-4443-A003-27C8374075A2}"
EndProject
Project("{9A19103F-16F7-4668-BE54-9A1E7A4F7556}") = "E-Learning-Course.ViewModels", "E-Learning-Course.ViewModels\E-Learning-Course.ViewModels.csproj", "{D49F12DC-7907-4BCC-93E8-52A391E3C5B3}"
EndProject
Global
	GlobalSection(SolutionConfigurationPlatforms) = preSolution
		Debug|Any CPU = Debug|Any CPU
		Release|Any CPU = Release|Any CPU
	EndGlobalSection
	GlobalSection(ProjectConfigurationPlatforms) = postSolution
		{DC172D6F-E1BE-445F-822E-60E86EF1F779}.Debug|Any CPU.ActiveCfg = Debug|Any CPU
		{DC172D6F-E1BE-445F-822E-60E86EF1F779}.Debug|Any CPU.Build.0 = Debug|Any CPU
		{DC172D6F-E1BE-445F-822E-60E86EF1F779}.Release|Any CPU.ActiveCfg = Release|Any CPU
		{DC172D6F-E1BE-445F-822E-60E86EF1F779}.Release|Any CPU.Build.0 = Release|Any CPU
		{B2FAA8F9-93E7-4D38-ABCB-06F4661F8F79}.Debug|Any CPU.ActiveCfg = Debug|Any CPU
		{B2FAA8F9-93E7-4D38-ABCB-06F4661F8F79}.Debug|Any CPU.Build.0 = Debug|Any CPU
		{B2FAA8F9-93E7-4D38-ABCB-06F4661F8F79}.Release|Any CPU.ActiveCfg = Release|Any CPU
		{B2FAA8F9-93E7-4D38-ABCB-06F4661F8F79}.Release|Any CPU.Build.0 = Release|Any CPU
		{AC98590D-2AFD-4D8D-A8F9-C966C74B78D1}.Debug|Any CPU.ActiveCfg = Debug|Any CPU
		{AC98590D-2AFD-4D8D-A8F9-C966C74B78D1}.Debug|Any CPU.Build.0 = Debug|Any CPU
		{AC98590D-2AFD-4D8D-A8F9-C966C74B78D1}.Release|Any CPU.ActiveCfg = Release|Any CPU
		{AC98590D-2AFD-4D8D-A8F9-C966C74B78D1}.Release|Any CPU.Build.0 = Release|Any CPU
		{CFC6AF96-35F5-4443-A003-27C8374075A2}.Debug|Any CPU.ActiveCfg = Debug|Any CPU
		{CFC6AF96-35F5-4443-A003-27C8374075A2}.Debug|Any CPU.Build.0 = Debug|Any CPU
		{CFC6AF96-35F5-4443-A003-27C8374075A2}.Release|Any CPU.ActiveCfg = Release|Any CPU
		{CFC6AF96-35F5-4443-A003-27C8374075A2}.Release|Any CPU.Build.0 = Release|Any CPU
		{D49F12DC-7907-4BCC-93E8-52A391E3C5B3}.Debug|Any CPU.ActiveCfg = Debug|Any CPU
		{D49F12DC-7907-4BCC-93E8-52A391E3C5B3}.Debug|Any CPU.Build.0 = Debug|Any CPU
		{D49F12DC-7907-4BCC-93E8-52A391E3C5B3}.Release|Any CPU.ActiveCfg = Release|Any CPU
		{D49F12DC-7907-4BCC-93E8-52A391E3C5B3}.Release|Any CPU.Build.0 = Release|Any CPU
	EndGlobalSection
	GlobalSection(SolutionProperties) = preSolution
		HideSolutionNode = FALSE
	EndGlobalSection
	GlobalSection(ExtensibilityGlobals) = postSolution
		SolutionGuid = {51925F9B-64DF-40E1-94F4-49D829DC0037}
	EndGlobalSection
EndGlobal
